// !$*UTF8*$!
{
	archiveVersion = 1;
	classes = {
	};
	objectVersion = 46;
	objects = {

/* Begin PBXBuildFile section */
		1D4010831F619A0500D5B7CA /* AuthScreenViewController.swift in Sources */ = {isa = PBXBuildFile; fileRef = 1D4010821F619A0500D5B7CA /* AuthScreenViewController.swift */; };
		1D44C1DD1F62E74C00BC1186 /* GoogleService-Info.plist in Resources */ = {isa = PBXBuildFile; fileRef = 1D44C1DC1F62E74C00BC1186 /* GoogleService-Info.plist */; };
		1D4ADF291F67A28100F4F223 /* Config.swift in Sources */ = {isa = PBXBuildFile; fileRef = 1D4ADF281F67A28100F4F223 /* Config.swift */; };
		1D4ADF2B1F67AA0400F4F223 /* CampaignsGlobalDataManagerUtil.swift in Sources */ = {isa = PBXBuildFile; fileRef = 1D4ADF2A1F67AA0400F4F223 /* CampaignsGlobalDataManagerUtil.swift */; };
		1D4ADF2D1F67AA4800F4F223 /* CurrentUserUtil.swift in Sources */ = {isa = PBXBuildFile; fileRef = 1D4ADF2C1F67AA4800F4F223 /* CurrentUserUtil.swift */; };
		1D4ADF2F1F67AA7100F4F223 /* DateISOManagerUtil.swift in Sources */ = {isa = PBXBuildFile; fileRef = 1D4ADF2E1F67AA7100F4F223 /* DateISOManagerUtil.swift */; };
		1D4ADF311F67AA8B00F4F223 /* SponsorManagerUtil.swift in Sources */ = {isa = PBXBuildFile; fileRef = 1D4ADF301F67AA8B00F4F223 /* SponsorManagerUtil.swift */; };
		1D4ADF381F67B31B00F4F223 /* Sponsor.swift in Sources */ = {isa = PBXBuildFile; fileRef = 1D4ADF371F67B31B00F4F223 /* Sponsor.swift */; };
		1D4ADF3A1F67B44C00F4F223 /* AdCampaign.swift in Sources */ = {isa = PBXBuildFile; fileRef = 1D4ADF391F67B44C00F4F223 /* AdCampaign.swift */; };
		1D4ADF3C1F67B4AF00F4F223 /* Video.swift in Sources */ = {isa = PBXBuildFile; fileRef = 1D4ADF3B1F67B4AF00F4F223 /* Video.swift */; };
		1D4ADF3E1F67B7D300F4F223 /* Category.swift in Sources */ = {isa = PBXBuildFile; fileRef = 1D4ADF3D1F67B7D300F4F223 /* Category.swift */; };
		1D4ADF401F67B86000F4F223 /* Contributor.swift in Sources */ = {isa = PBXBuildFile; fileRef = 1D4ADF3F1F67B86000F4F223 /* Contributor.swift */; };
		1D4ADF421F67B95C00F4F223 /* Foundation.swift in Sources */ = {isa = PBXBuildFile; fileRef = 1D4ADF411F67B95C00F4F223 /* Foundation.swift */; };
		1D4ADF441F67BA5900F4F223 /* CauseCampaign.swift in Sources */ = {isa = PBXBuildFile; fileRef = 1D4ADF431F67BA5900F4F223 /* CauseCampaign.swift */; };
		1D605A6E1F63A4F200A50681 /* SafariServices.framework in Frameworks */ = {isa = PBXBuildFile; fileRef = 1D605A6D1F63A4F200A50681 /* SafariServices.framework */; };
		1D72D8B61E3DBD5300880CC4 /* CampaignDetailsViewController.swift in Sources */ = {isa = PBXBuildFile; fileRef = 1D72D8B51E3DBD5300880CC4 /* CampaignDetailsViewController.swift */; };
		1D8A11E21F69D5DF0013011A /* MainViewControllerTableViewCell.swift in Sources */ = {isa = PBXBuildFile; fileRef = 1D8A11E11F69D5DF0013011A /* MainViewControllerTableViewCell.swift */; };
		1DEC37C71E3D8A9300450357 /* AppDelegate.swift in Sources */ = {isa = PBXBuildFile; fileRef = 1DEC37C61E3D8A9300450357 /* AppDelegate.swift */; };
		1DEC37C91E3D8A9300450357 /* MainViewController.swift in Sources */ = {isa = PBXBuildFile; fileRef = 1DEC37C81E3D8A9300450357 /* MainViewController.swift */; };
		1DEC37CC1E3D8A9300450357 /* Main.storyboard in Resources */ = {isa = PBXBuildFile; fileRef = 1DEC37CA1E3D8A9300450357 /* Main.storyboard */; };
		1DEC37CE1E3D8A9300450357 /* Assets.xcassets in Resources */ = {isa = PBXBuildFile; fileRef = 1DEC37CD1E3D8A9300450357 /* Assets.xcassets */; };
		1DEC37D11E3D8A9300450357 /* LaunchScreen.storyboard in Resources */ = {isa = PBXBuildFile; fileRef = 1DEC37CF1E3D8A9300450357 /* LaunchScreen.storyboard */; };
		94C35843DB0AD23EC0669D5A /* Pods_donors_tweet_ios.framework in Frameworks */ = {isa = PBXBuildFile; fileRef = BFB8AD191D96DEA35BDDC17A /* Pods_donors_tweet_ios.framework */; };
/* End PBXBuildFile section */

/* Begin PBXFileReference section */
		1D4010821F619A0500D5B7CA /* AuthScreenViewController.swift */ = {isa = PBXFileReference; fileEncoding = 4; lastKnownFileType = sourcecode.swift; path = AuthScreenViewController.swift; sourceTree = "<group>"; };
		1D4010841F61A14E00D5B7CA /* donors_tweet_ios.entitlements */ = {isa = PBXFileReference; lastKnownFileType = text.plist.entitlements; path = donors_tweet_ios.entitlements; sourceTree = "<group>"; };
		1D44C1DC1F62E74C00BC1186 /* GoogleService-Info.plist */ = {isa = PBXFileReference; fileEncoding = 4; lastKnownFileType = text.plist.xml; path = "GoogleService-Info.plist"; sourceTree = "<group>"; };
		1D4ADF231F679F0E00F4F223 /* es */ = {isa = PBXFileReference; lastKnownFileType = text.plist.strings; name = es; path = es.lproj/Main.strings; sourceTree = "<group>"; };
		1D4ADF241F679F0F00F4F223 /* es */ = {isa = PBXFileReference; lastKnownFileType = text.plist.strings; name = es; path = es.lproj/LaunchScreen.strings; sourceTree = "<group>"; };
		1D4ADF281F67A28100F4F223 /* Config.swift */ = {isa = PBXFileReference; fileEncoding = 4; lastKnownFileType = sourcecode.swift; path = Config.swift; sourceTree = "<group>"; };
		1D4ADF2A1F67AA0400F4F223 /* CampaignsGlobalDataManagerUtil.swift */ = {isa = PBXFileReference; fileEncoding = 4; lastKnownFileType = sourcecode.swift; path = CampaignsGlobalDataManagerUtil.swift; sourceTree = "<group>"; };
		1D4ADF2C1F67AA4800F4F223 /* CurrentUserUtil.swift */ = {isa = PBXFileReference; fileEncoding = 4; lastKnownFileType = sourcecode.swift; path = CurrentUserUtil.swift; sourceTree = "<group>"; };
		1D4ADF2E1F67AA7100F4F223 /* DateISOManagerUtil.swift */ = {isa = PBXFileReference; fileEncoding = 4; lastKnownFileType = sourcecode.swift; path = DateISOManagerUtil.swift; sourceTree = "<group>"; };
		1D4ADF301F67AA8B00F4F223 /* SponsorManagerUtil.swift */ = {isa = PBXFileReference; fileEncoding = 4; lastKnownFileType = sourcecode.swift; path = SponsorManagerUtil.swift; sourceTree = "<group>"; };
		1D4ADF371F67B31B00F4F223 /* Sponsor.swift */ = {isa = PBXFileReference; fileEncoding = 4; lastKnownFileType = sourcecode.swift; path = Sponsor.swift; sourceTree = "<group>"; };
		1D4ADF391F67B44C00F4F223 /* AdCampaign.swift */ = {isa = PBXFileReference; fileEncoding = 4; lastKnownFileType = sourcecode.swift; path = AdCampaign.swift; sourceTree = "<group>"; };
		1D4ADF3B1F67B4AF00F4F223 /* Video.swift */ = {isa = PBXFileReference; fileEncoding = 4; lastKnownFileType = sourcecode.swift; path = Video.swift; sourceTree = "<group>"; };
		1D4ADF3D1F67B7D300F4F223 /* Category.swift */ = {isa = PBXFileReference; fileEncoding = 4; lastKnownFileType = sourcecode.swift; path = Category.swift; sourceTree = "<group>"; };
		1D4ADF3F1F67B86000F4F223 /* Contributor.swift */ = {isa = PBXFileReference; fileEncoding = 4; lastKnownFileType = sourcecode.swift; path = Contributor.swift; sourceTree = "<group>"; };
		1D4ADF411F67B95C00F4F223 /* Foundation.swift */ = {isa = PBXFileReference; fileEncoding = 4; lastKnownFileType = sourcecode.swift; path = Foundation.swift; sourceTree = "<group>"; };
		1D4ADF431F67BA5900F4F223 /* CauseCampaign.swift */ = {isa = PBXFileReference; fileEncoding = 4; lastKnownFileType = sourcecode.swift; path = CauseCampaign.swift; sourceTree = "<group>"; };
		1D605A6D1F63A4F200A50681 /* SafariServices.framework */ = {isa = PBXFileReference; lastKnownFileType = wrapper.framework; name = SafariServices.framework; path = System/Library/Frameworks/SafariServices.framework; sourceTree = SDKROOT; };
		1D72D8B51E3DBD5300880CC4 /* CampaignDetailsViewController.swift */ = {isa = PBXFileReference; fileEncoding = 4; lastKnownFileType = sourcecode.swift; path = CampaignDetailsViewController.swift; sourceTree = "<group>"; };
		1D8A11E11F69D5DF0013011A /* MainViewControllerTableViewCell.swift */ = {isa = PBXFileReference; fileEncoding = 4; lastKnownFileType = sourcecode.swift; path = MainViewControllerTableViewCell.swift; sourceTree = "<group>"; };
		1DEC37C31E3D8A9300450357 /* donors_tweet_ios.app */ = {isa = PBXFileReference; explicitFileType = wrapper.application; includeInIndex = 0; path = donors_tweet_ios.app; sourceTree = BUILT_PRODUCTS_DIR; };
		1DEC37C61E3D8A9300450357 /* AppDelegate.swift */ = {isa = PBXFileReference; lastKnownFileType = sourcecode.swift; path = AppDelegate.swift; sourceTree = "<group>"; };
		1DEC37C81E3D8A9300450357 /* MainViewController.swift */ = {isa = PBXFileReference; lastKnownFileType = sourcecode.swift; path = MainViewController.swift; sourceTree = "<group>"; };
		1DEC37CB1E3D8A9300450357 /* Base */ = {isa = PBXFileReference; lastKnownFileType = file.storyboard; name = Base; path = Base.lproj/Main.storyboard; sourceTree = "<group>"; };
		1DEC37CD1E3D8A9300450357 /* Assets.xcassets */ = {isa = PBXFileReference; lastKnownFileType = folder.assetcatalog; path = Assets.xcassets; sourceTree = "<group>"; };
		1DEC37D01E3D8A9300450357 /* Base */ = {isa = PBXFileReference; lastKnownFileType = file.storyboard; name = Base; path = Base.lproj/LaunchScreen.storyboard; sourceTree = "<group>"; };
		1DEC37D21E3D8A9300450357 /* Info.plist */ = {isa = PBXFileReference; lastKnownFileType = text.plist.xml; path = Info.plist; sourceTree = "<group>"; };
		245A2CB172659872CBB973BC /* Pods-donors_tweet_ios.release.xcconfig */ = {isa = PBXFileReference; includeInIndex = 1; lastKnownFileType = text.xcconfig; name = "Pods-donors_tweet_ios.release.xcconfig"; path = "Pods/Target Support Files/Pods-donors_tweet_ios/Pods-donors_tweet_ios.release.xcconfig"; sourceTree = "<group>"; };
		9A258D207195F0FA646F5F57 /* Pods-donors_tweet_ios.debug.xcconfig */ = {isa = PBXFileReference; includeInIndex = 1; lastKnownFileType = text.xcconfig; name = "Pods-donors_tweet_ios.debug.xcconfig"; path = "Pods/Target Support Files/Pods-donors_tweet_ios/Pods-donors_tweet_ios.debug.xcconfig"; sourceTree = "<group>"; };
		BFB8AD191D96DEA35BDDC17A /* Pods_donors_tweet_ios.framework */ = {isa = PBXFileReference; explicitFileType = wrapper.framework; includeInIndex = 0; path = Pods_donors_tweet_ios.framework; sourceTree = BUILT_PRODUCTS_DIR; };
/* End PBXFileReference section */

/* Begin PBXFrameworksBuildPhase section */
		1DEC37C01E3D8A9300450357 /* Frameworks */ = {
			isa = PBXFrameworksBuildPhase;
			buildActionMask = 2147483647;
			files = (
				1D605A6E1F63A4F200A50681 /* SafariServices.framework in Frameworks */,
				94C35843DB0AD23EC0669D5A /* Pods_donors_tweet_ios.framework in Frameworks */,
			);
			runOnlyForDeploymentPostprocessing = 0;
		};
/* End PBXFrameworksBuildPhase section */

/* Begin PBXGroup section */
		1D0F91851F688E7F00865F59 /* Storyboards */ = {
			isa = PBXGroup;
			children = (
				1DEC37CA1E3D8A9300450357 /* Main.storyboard */,
				1DEC37CF1E3D8A9300450357 /* LaunchScreen.storyboard */,
			);
			name = Storyboards;
			sourceTree = "<group>";
		};
		1D470D701F686B8400829042 /* UI */ = {
			isa = PBXGroup;
			children = (
				1D8A11E11F69D5DF0013011A /* MainViewControllerTableViewCell.swift */,
				1DEC37CD1E3D8A9300450357 /* Assets.xcassets */,
			);
			name = UI;
			sourceTree = "<group>";
		};
		1D4ADF321F67AA9100F4F223 /* Utils */ = {
			isa = PBXGroup;
			children = (
				1D4ADF2A1F67AA0400F4F223 /* CampaignsGlobalDataManagerUtil.swift */,
				1D4ADF2C1F67AA4800F4F223 /* CurrentUserUtil.swift */,
				1D4ADF2E1F67AA7100F4F223 /* DateISOManagerUtil.swift */,
				1D4ADF301F67AA8B00F4F223 /* SponsorManagerUtil.swift */,
			);
			name = Utils;
			sourceTree = "<group>";
		};
		1D4ADF331F67AAAC00F4F223 /* ViewControllers */ = {
			isa = PBXGroup;
			children = (
				1DEC37C81E3D8A9300450357 /* MainViewController.swift */,
				1D72D8B51E3DBD5300880CC4 /* CampaignDetailsViewController.swift */,
				1D4010821F619A0500D5B7CA /* AuthScreenViewController.swift */,
			);
			name = ViewControllers;
			sourceTree = "<group>";
		};
		1D4ADF341F67AACE00F4F223 /* Config */ = {
			isa = PBXGroup;
			children = (
				1D44C1DC1F62E74C00BC1186 /* GoogleService-Info.plist */,
				1D4010841F61A14E00D5B7CA /* donors_tweet_ios.entitlements */,
				1DEC37D21E3D8A9300450357 /* Info.plist */,
				1D4ADF281F67A28100F4F223 /* Config.swift */,
			);
			name = Config;
			sourceTree = "<group>";
		};
		1D4ADF351F67AAF300F4F223 /* Src */ = {
			isa = PBXGroup;
			children = (
				1D4ADF361F67B30900F4F223 /* Models */,
				1DEC37C61E3D8A9300450357 /* AppDelegate.swift */,
				1D4ADF321F67AA9100F4F223 /* Utils */,
				1D4ADF331F67AAAC00F4F223 /* ViewControllers */,
			);
			name = Src;
			sourceTree = "<group>";
		};
		1D4ADF361F67B30900F4F223 /* Models */ = {
			isa = PBXGroup;
			children = (
				1D4ADF371F67B31B00F4F223 /* Sponsor.swift */,
				1D4ADF391F67B44C00F4F223 /* AdCampaign.swift */,
				1D4ADF3B1F67B4AF00F4F223 /* Video.swift */,
				1D4ADF3D1F67B7D300F4F223 /* Category.swift */,
				1D4ADF3F1F67B86000F4F223 /* Contributor.swift */,
				1D4ADF411F67B95C00F4F223 /* Foundation.swift */,
				1D4ADF431F67BA5900F4F223 /* CauseCampaign.swift */,
			);
			name = Models;
			sourceTree = "<group>";
		};
		1DEC37BA1E3D8A9300450357 = {
			isa = PBXGroup;
			children = (
				1DEC37C51E3D8A9300450357 /* donors_tweet_ios */,
				1DEC37C41E3D8A9300450357 /* Products */,
				53176C126D554005F1069F57 /* Pods */,
				6935320D00B476C9C8E0EB4F /* Frameworks */,
			);
			sourceTree = "<group>";
		};
		1DEC37C41E3D8A9300450357 /* Products */ = {
			isa = PBXGroup;
			children = (
				1DEC37C31E3D8A9300450357 /* donors_tweet_ios.app */,
			);
			name = Products;
			sourceTree = "<group>";
		};
		1DEC37C51E3D8A9300450357 /* donors_tweet_ios */ = {
			isa = PBXGroup;
			children = (
				1D470D701F686B8400829042 /* UI */,
				1D4ADF351F67AAF300F4F223 /* Src */,
				1D4ADF341F67AACE00F4F223 /* Config */,
				1D0F91851F688E7F00865F59 /* Storyboards */,
			);
			path = donors_tweet_ios;
			sourceTree = "<group>";
		};
		53176C126D554005F1069F57 /* Pods */ = {
			isa = PBXGroup;
			children = (
				9A258D207195F0FA646F5F57 /* Pods-donors_tweet_ios.debug.xcconfig */,
				245A2CB172659872CBB973BC /* Pods-donors_tweet_ios.release.xcconfig */,
			);
			name = Pods;
			sourceTree = "<group>";
		};
		6935320D00B476C9C8E0EB4F /* Frameworks */ = {
			isa = PBXGroup;
			children = (
				1D605A6D1F63A4F200A50681 /* SafariServices.framework */,
				BFB8AD191D96DEA35BDDC17A /* Pods_donors_tweet_ios.framework */,
			);
			name = Frameworks;
			sourceTree = "<group>";
		};
/* End PBXGroup section */

/* Begin PBXNativeTarget section */
		1DEC37C21E3D8A9300450357 /* donors_tweet_ios */ = {
			isa = PBXNativeTarget;
			buildConfigurationList = 1DEC37D51E3D8A9300450357 /* Build configuration list for PBXNativeTarget "donors_tweet_ios" */;
			buildPhases = (
				211500C0A0A4771D4EA0B346 /* [CP] Check Pods Manifest.lock */,
				1DEC37BF1E3D8A9300450357 /* Sources */,
				1DEC37C01E3D8A9300450357 /* Frameworks */,
				1DEC37C11E3D8A9300450357 /* Resources */,
				5A6081A609EAB8DC3AE7C007 /* [CP] Embed Pods Frameworks */,
				6828B657F6582F182C8D66BD /* [CP] Copy Pods Resources */,
			);
			buildRules = (
			);
			dependencies = (
			);
			name = donors_tweet_ios;
			productName = donors_tweet_ios;
			productReference = 1DEC37C31E3D8A9300450357 /* donors_tweet_ios.app */;
			productType = "com.apple.product-type.application";
		};
/* End PBXNativeTarget section */

/* Begin PBXProject section */
		1DEC37BB1E3D8A9300450357 /* Project object */ = {
			isa = PBXProject;
			attributes = {
				LastSwiftUpdateCheck = 0820;
				LastUpgradeCheck = 0820;
				ORGANIZATIONNAME = shamanito;
				TargetAttributes = {
					1DEC37C21E3D8A9300450357 = {
						CreatedOnToolsVersion = 8.2.1;
						ProvisioningStyle = Manual;
						SystemCapabilities = {
							com.apple.Keychain = {
								enabled = 0;
							};
							com.apple.Maps.iOS = {
								enabled = 0;
							};
						};
					};
				};
			};
			buildConfigurationList = 1DEC37BE1E3D8A9300450357 /* Build configuration list for PBXProject "donors_tweet_ios" */;
			compatibilityVersion = "Xcode 3.2";
			developmentRegion = English;
			hasScannedForEncodings = 0;
			knownRegions = (
				en,
				Base,
			);
			mainGroup = 1DEC37BA1E3D8A9300450357;
			productRefGroup = 1DEC37C41E3D8A9300450357 /* Products */;
			projectDirPath = "";
			projectRoot = "";
			targets = (
				1DEC37C21E3D8A9300450357 /* donors_tweet_ios */,
			);
		};
/* End PBXProject section */

/* Begin PBXResourcesBuildPhase section */
		1DEC37C11E3D8A9300450357 /* Resources */ = {
			isa = PBXResourcesBuildPhase;
			buildActionMask = 2147483647;
			files = (
				1D44C1DD1F62E74C00BC1186 /* GoogleService-Info.plist in Resources */,
				1DEC37D11E3D8A9300450357 /* LaunchScreen.storyboard in Resources */,
				1DEC37CE1E3D8A9300450357 /* Assets.xcassets in Resources */,
				1DEC37CC1E3D8A9300450357 /* Main.storyboard in Resources */,
			);
			runOnlyForDeploymentPostprocessing = 0;
		};
/* End PBXResourcesBuildPhase section */

/* Begin PBXShellScriptBuildPhase section */
		211500C0A0A4771D4EA0B346 /* [CP] Check Pods Manifest.lock */ = {
			isa = PBXShellScriptBuildPhase;
			buildActionMask = 2147483647;
			files = (
			);
			inputPaths = (
			);
			name = "[CP] Check Pods Manifest.lock";
			outputPaths = (
			);
			runOnlyForDeploymentPostprocessing = 0;
			shellPath = /bin/sh;
			shellScript = "diff \"${PODS_ROOT}/../Podfile.lock\" \"${PODS_ROOT}/Manifest.lock\" > /dev/null\nif [ $? != 0 ] ; then\n    # print error to STDERR\n    echo \"error: The sandbox is not in sync with the Podfile.lock. Run 'pod install' or update your CocoaPods installation.\" >&2\n    exit 1\nfi\n";
			showEnvVarsInLog = 0;
		};
		5A6081A609EAB8DC3AE7C007 /* [CP] Embed Pods Frameworks */ = {
			isa = PBXShellScriptBuildPhase;
			buildActionMask = 2147483647;
			files = (
			);
			inputPaths = (
			);
			name = "[CP] Embed Pods Frameworks";
			outputPaths = (
			);
			runOnlyForDeploymentPostprocessing = 0;
			shellPath = /bin/sh;
			shellScript = "\"${SRCROOT}/Pods/Target Support Files/Pods-donors_tweet_ios/Pods-donors_tweet_ios-frameworks.sh\"\n";
			showEnvVarsInLog = 0;
		};
		6828B657F6582F182C8D66BD /* [CP] Copy Pods Resources */ = {
			isa = PBXShellScriptBuildPhase;
			buildActionMask = 2147483647;
			files = (
			);
			inputPaths = (
			);
			name = "[CP] Copy Pods Resources";
			outputPaths = (
			);
			runOnlyForDeploymentPostprocessing = 0;
			shellPath = /bin/sh;
			shellScript = "\"${SRCROOT}/Pods/Target Support Files/Pods-donors_tweet_ios/Pods-donors_tweet_ios-resources.sh\"\n";
			showEnvVarsInLog = 0;
		};
/* End PBXShellScriptBuildPhase section */

/* Begin PBXSourcesBuildPhase section */
		1DEC37BF1E3D8A9300450357 /* Sources */ = {
			isa = PBXSourcesBuildPhase;
			buildActionMask = 2147483647;
			files = (
				1D4ADF381F67B31B00F4F223 /* Sponsor.swift in Sources */,
				1D8A11E21F69D5DF0013011A /* MainViewControllerTableViewCell.swift in Sources */,
				1D4ADF3C1F67B4AF00F4F223 /* Video.swift in Sources */,
				1DEC37C91E3D8A9300450357 /* MainViewController.swift in Sources */,
				1D4ADF421F67B95C00F4F223 /* Foundation.swift in Sources */,
				1D72D8B61E3DBD5300880CC4 /* CampaignDetailsViewController.swift in Sources */,
				1D4ADF3A1F67B44C00F4F223 /* AdCampaign.swift in Sources */,
				1D4ADF311F67AA8B00F4F223 /* SponsorManagerUtil.swift in Sources */,
				1D4ADF2B1F67AA0400F4F223 /* CampaignsGlobalDataManagerUtil.swift in Sources */,
				1D4ADF291F67A28100F4F223 /* Config.swift in Sources */,
				1D4ADF441F67BA5900F4F223 /* CauseCampaign.swift in Sources */,
				1D4010831F619A0500D5B7CA /* AuthScreenViewController.swift in Sources */,
				1D4ADF401F67B86000F4F223 /* Contributor.swift in Sources */,
				1D4ADF3E1F67B7D300F4F223 /* Category.swift in Sources */,
				1D4ADF2F1F67AA7100F4F223 /* DateISOManagerUtil.swift in Sources */,
				1D4ADF2D1F67AA4800F4F223 /* CurrentUserUtil.swift in Sources */,
				1DEC37C71E3D8A9300450357 /* AppDelegate.swift in Sources */,
			);
			runOnlyForDeploymentPostprocessing = 0;
		};
/* End PBXSourcesBuildPhase section */

/* Begin PBXVariantGroup section */
		1DEC37CA1E3D8A9300450357 /* Main.storyboard */ = {
			isa = PBXVariantGroup;
			children = (
				1DEC37CB1E3D8A9300450357 /* Base */,
				1D4ADF231F679F0E00F4F223 /* es */,
			);
			name = Main.storyboard;
			sourceTree = "<group>";
		};
		1DEC37CF1E3D8A9300450357 /* LaunchScreen.storyboard */ = {
			isa = PBXVariantGroup;
			children = (
				1DEC37D01E3D8A9300450357 /* Base */,
				1D4ADF241F679F0F00F4F223 /* es */,
			);
			name = LaunchScreen.storyboard;
			sourceTree = "<group>";
		};
/* End PBXVariantGroup section */

/* Begin XCBuildConfiguration section */
		1DEC37D31E3D8A9300450357 /* Debug */ = {
			isa = XCBuildConfiguration;
			buildSettings = {
				ALWAYS_SEARCH_USER_PATHS = NO;
				CLANG_ANALYZER_LOCALIZABILITY_NONLOCALIZED = YES;
				CLANG_ANALYZER_NONNULL = YES;
				CLANG_CXX_LANGUAGE_STANDARD = "gnu++0x";
				CLANG_CXX_LIBRARY = "libc++";
				CLANG_ENABLE_MODULES = YES;
				CLANG_ENABLE_OBJC_ARC = YES;
				CLANG_WARN_BOOL_CONVERSION = YES;
				CLANG_WARN_CONSTANT_CONVERSION = YES;
				CLANG_WARN_DIRECT_OBJC_ISA_USAGE = YES_ERROR;
				CLANG_WARN_DOCUMENTATION_COMMENTS = YES;
				CLANG_WARN_EMPTY_BODY = YES;
				CLANG_WARN_ENUM_CONVERSION = YES;
				CLANG_WARN_INFINITE_RECURSION = YES;
				CLANG_WARN_INT_CONVERSION = YES;
				CLANG_WARN_OBJC_ROOT_CLASS = YES_ERROR;
				CLANG_WARN_SUSPICIOUS_MOVE = YES;
				CLANG_WARN_UNREACHABLE_CODE = YES;
				CLANG_WARN__DUPLICATE_METHOD_MATCH = YES;
				"CODE_SIGN_IDENTITY[sdk=iphoneos*]" = "iPhone Developer";
				COPY_PHASE_STRIP = NO;
				DEBUG_INFORMATION_FORMAT = dwarf;
				ENABLE_STRICT_OBJC_MSGSEND = YES;
				ENABLE_TESTABILITY = YES;
				GCC_C_LANGUAGE_STANDARD = gnu99;
				GCC_DYNAMIC_NO_PIC = NO;
				GCC_NO_COMMON_BLOCKS = YES;
				GCC_OPTIMIZATION_LEVEL = 0;
				GCC_PREPROCESSOR_DEFINITIONS = (
					"DEBUG=1",
					"$(inherited)",
				);
				GCC_WARN_64_TO_32_BIT_CONVERSION = YES;
				GCC_WARN_ABOUT_RETURN_TYPE = YES_ERROR;
				GCC_WARN_UNDECLARED_SELECTOR = YES;
				GCC_WARN_UNINITIALIZED_AUTOS = YES_AGGRESSIVE;
				GCC_WARN_UNUSED_FUNCTION = YES;
				GCC_WARN_UNUSED_VARIABLE = YES;
				IPHONEOS_DEPLOYMENT_TARGET = 10.2;
				MTL_ENABLE_DEBUG_INFO = YES;
				ONLY_ACTIVE_ARCH = YES;
				SDKROOT = iphoneos;
				SWIFT_ACTIVE_COMPILATION_CONDITIONS = DEBUG;
				SWIFT_OPTIMIZATION_LEVEL = "-Onone";
				TARGETED_DEVICE_FAMILY = "1,2";
			};
			name = Debug;
		};
		1DEC37D41E3D8A9300450357 /* Release */ = {
			isa = XCBuildConfiguration;
			buildSettings = {
				ALWAYS_SEARCH_USER_PATHS = NO;
				CLANG_ANALYZER_LOCALIZABILITY_NONLOCALIZED = YES;
				CLANG_ANALYZER_NONNULL = YES;
				CLANG_CXX_LANGUAGE_STANDARD = "gnu++0x";
				CLANG_CXX_LIBRARY = "libc++";
				CLANG_ENABLE_MODULES = YES;
				CLANG_ENABLE_OBJC_ARC = YES;
				CLANG_WARN_BOOL_CONVERSION = YES;
				CLANG_WARN_CONSTANT_CONVERSION = YES;
				CLANG_WARN_DIRECT_OBJC_ISA_USAGE = YES_ERROR;
				CLANG_WARN_DOCUMENTATION_COMMENTS = YES;
				CLANG_WARN_EMPTY_BODY = YES;
				CLANG_WARN_ENUM_CONVERSION = YES;
				CLANG_WARN_INFINITE_RECURSION = YES;
				CLANG_WARN_INT_CONVERSION = YES;
				CLANG_WARN_OBJC_ROOT_CLASS = YES_ERROR;
				CLANG_WARN_SUSPICIOUS_MOVE = YES;
				CLANG_WARN_UNREACHABLE_CODE = YES;
				CLANG_WARN__DUPLICATE_METHOD_MATCH = YES;
				"CODE_SIGN_IDENTITY[sdk=iphoneos*]" = "iPhone Developer";
				COPY_PHASE_STRIP = NO;
				DEBUG_INFORMATION_FORMAT = "dwarf-with-dsym";
				ENABLE_NS_ASSERTIONS = NO;
				ENABLE_STRICT_OBJC_MSGSEND = YES;
				GCC_C_LANGUAGE_STANDARD = gnu99;
				GCC_NO_COMMON_BLOCKS = YES;
				GCC_WARN_64_TO_32_BIT_CONVERSION = YES;
				GCC_WARN_ABOUT_RETURN_TYPE = YES_ERROR;
				GCC_WARN_UNDECLARED_SELECTOR = YES;
				GCC_WARN_UNINITIALIZED_AUTOS = YES_AGGRESSIVE;
				GCC_WARN_UNUSED_FUNCTION = YES;
				GCC_WARN_UNUSED_VARIABLE = YES;
				IPHONEOS_DEPLOYMENT_TARGET = 10.2;
				MTL_ENABLE_DEBUG_INFO = NO;
				SDKROOT = iphoneos;
				SWIFT_OPTIMIZATION_LEVEL = "-Owholemodule";
				TARGETED_DEVICE_FAMILY = "1,2";
				VALIDATE_PRODUCT = YES;
			};
			name = Release;
		};
		1DEC37D61E3D8A9300450357 /* Debug */ = {
			isa = XCBuildConfiguration;
			baseConfigurationReference = 9A258D207195F0FA646F5F57 /* Pods-donors_tweet_ios.debug.xcconfig */;
			buildSettings = {
				ASSETCATALOG_COMPILER_APPICON_NAME = AppIcon;
				DEVELOPMENT_TEAM = "";
				INFOPLIST_FILE = donors_tweet_ios/Info.plist;
				LD_RUNPATH_SEARCH_PATHS = "$(inherited) @executable_path/Frameworks";
				PRODUCT_BUNDLE_IDENTIFIER = com.shamanito.fundk;
				PRODUCT_NAME = "$(TARGET_NAME)";
				PROVISIONING_PROFILE_SPECIFIER = "";
				SWIFT_VERSION = 3.0;
			};
			name = Debug;
		};
		1DEC37D71E3D8A9300450357 /* Release */ = {
			isa = XCBuildConfiguration;
			baseConfigurationReference = 245A2CB172659872CBB973BC /* Pods-donors_tweet_ios.release.xcconfig */;
			buildSettings = {
				ASSETCATALOG_COMPILER_APPICON_NAME = AppIcon;
				DEVELOPMENT_TEAM = "";
				INFOPLIST_FILE = donors_tweet_ios/Info.plist;
				LD_RUNPATH_SEARCH_PATHS = "$(inherited) @executable_path/Frameworks";
				PRODUCT_BUNDLE_IDENTIFIER = com.shamanito.fundk;
				PRODUCT_NAME = "$(TARGET_NAME)";
				PROVISIONING_PROFILE_SPECIFIER = "";
				SWIFT_VERSION = 3.0;
			};
			name = Release;
		};
/* End XCBuildConfiguration section */

/* Begin XCConfigurationList section */
		1DEC37BE1E3D8A9300450357 /* Build configuration list for PBXProject "donors_tweet_ios" */ = {
			isa = XCConfigurationList;
			buildConfigurations = (
				1DEC37D31E3D8A9300450357 /* Debug */,
				1DEC37D41E3D8A9300450357 /* Release */,
			);
			defaultConfigurationIsVisible = 0;
			defaultConfigurationName = Release;
		};
		1DEC37D51E3D8A9300450357 /* Build configuration list for PBXNativeTarget "donors_tweet_ios" */ = {
			isa = XCConfigurationList;
			buildConfigurations = (
				1DEC37D61E3D8A9300450357 /* Debug */,
				1DEC37D71E3D8A9300450357 /* Release */,
			);
			defaultConfigurationIsVisible = 0;
			defaultConfigurationName = Release;
		};
/* End XCConfigurationList section */
	};
	rootObject = 1DEC37BB1E3D8A9300450357 /* Project object */;
}
